dependencies:
  espressif/cjson:
    component_hash: e788323270d90738662d66fffa910bfe1fba019bba087f01557e70c40485b469
    dependencies:
    - name: idf
      require: private
      version: '>=5.0'
    source:
      registry_url: https://components.espressif.com/
      type: service
    version: 1.7.19~2
  espressif/libsodium:
    component_hash: d4066b373fc6d4c5196db42aeea7faef4ac7f3080af96c2b74e2476c08b78dc1
    dependencies:
    - name: idf
      require: private
      version: '>=4.2'
    source:
      registry_url: https://components.espressif.com/
      type: service
    version: 1.0.22~1
  idf:
    source:
      type: idf
    version: 5.1.6
direct_dependencies:
- espressif/cjson
- espressif/libsodium
- idf
manifest_hash: db545a465b6551e00233d849c08d13e93221ea696a735bd9d31f2a39c3be084c
target: esp32s3
version: 2.0.0
